
Microsoft Visual Studio Solution File, Format Version 12.00
# Visual Studio Version 16
VisualStudioVersion = 16.0.33927.289
MinimumVisualStudioVersion = 10.0.40219.1
Project("{FAE04EC0-301F-11D3-BF4B-00C04F79EFBC}") = "Iteration Through Array Practice", "Iteration Through Array Practice.csproj", "{9FA9D41B-595D-45F5-B78B-B51715EB527A}"
EndProject
Global
	GlobalSection(SolutionConfigurationPlatforms) = preSolution
		Debug|Any CPU = Debug|Any CPU
		Release|Any CPU = Release|Any CPU
	EndGlobalSection
	GlobalSection(ProjectConfigurationPlatforms) = postSolution
		{9FA9D41B-595D-45F5-B78B-B51715EB527A}.Debug|Any CPU.ActiveCfg = Debug|Any CPU
		{9FA9D41B-595D-45F5-B78B-B51715EB527A}.Debug|Any CPU.Build.0 = Debug|Any CPU
		{9FA9D41B-595D-45F5-B78B-B51715EB527A}.Release|Any CPU.ActiveCfg = Release|Any CPU
		{9FA9D41B-595D-45F5-B78B-B51715EB527A}.Release|Any CPU.Build.0 = Release|Any CPU
	EndGlobalSection
	GlobalSection(SolutionProperties) = preSolution
		HideSolutionNode = FALSE
	EndGlobalSection
	GlobalSection(ExtensibilityGlobals) = postSolution
		SolutionGuid = {E8A1C85E-1FD4-42F7-B512-A97CE5343653}
	EndGlobalSection
EndGlobal
